{
  "originHash" : "8e1bc978060a9bf058b9c246e9f70447f257048df6cb250fbb9126ed96a6bba3",
  "pins" : [
    {
      "identity" : "swiftformat",
      "kind" : "remoteSourceControl",
      "location" : "https://github.com/nicklockwood/SwiftFormat",
      "state" : {
        "revision" : "a5fa7a6a57abeb834df1b3fa43ea9133137d5ade",
        "version" : "0.61.1"
      }
    }
  ],
  "version" : 3
}
